
Microsoft Visual Studio Solution File, Format Version 12.00
# Visual Studio Version 16
VisualStudioVersion = 16.0.30803.129
MinimumVisualStudioVersion = 10.0.40219.1
Project("{9A19103F-16F7-4668-BE54-9A1E7A4F7556}") = "DutchTreat", "DutchTreat.csproj", "{ADAEE49D-8441-47CB-B04E-2F1B8924A3A2}"
EndProject
Global
	GlobalSection(SolutionConfigurationPlatforms) = preSolution
		Debug|Any CPU = Debug|Any CPU
		Release|Any CPU = Release|Any CPU
	EndGlobalSection
	GlobalSection(ProjectConfigurationPlatforms) = postSolution
		{ADAEE49D-8441-47CB-B04E-2F1B8924A3A2}.Debug|Any CPU.ActiveCfg = Debug|Any CPU
		{ADAEE49D-8441-47CB-B04E-2F1B8924A3A2}.Debug|Any CPU.Build.0 = Debug|Any CPU
		{ADAEE49D-8441-47CB-B04E-2F1B8924A3A2}.Release|Any CPU.ActiveCfg = Release|Any CPU
		{ADAEE49D-8441-47CB-B04E-2F1B8924A3A2}.Release|Any CPU.Build.0 = Release|Any CPU
	EndGlobalSection
	GlobalSection(SolutionProperties) = preSolution
		HideSolutionNode = FALSE
	EndGlobalSection
	GlobalSection(ExtensibilityGlobals) = postSolution
		SolutionGuid = {991A2C86-AC77-4555-932A-30F6E51869DD}
	EndGlobalSection
EndGlobal
